
Microsoft Visual Studio Solution File, Format Version 12.00
# Visual Studio Version 16
VisualStudioVersion = 16.0.31112.23
MinimumVisualStudioVersion = 10.0.40219.1
Project("{2150E333-8FDC-42A3-9474-1A3956D46DE8}") = "Chapter02", "Chapter02", "{26ED57D9-3FC9-4FD3-BC8C-4448C9D96DC2}"
EndProject
Project("{FAE04EC0-301F-11D3-BF4B-00C04F79EFBC}") = "DistanceConverter", "DistanceConverter\DistanceConverter.csproj", "{840C13C6-190E-4E04-AF78-CB4B16E1143A}"
EndProject
Project("{FAE04EC0-301F-11D3-BF4B-00C04F79EFBC}") = "SalesCalculator", "SalesCalculator\SalesCalculator.csproj", "{99FD014D-8F08-40A3-8C06-8F60487F6739}"
EndProject
Project("{2150E333-8FDC-42A3-9474-1A3956D46DE8}") = "Exercise", "Exercise", "{8D1028A3-AAF6-44B6-9943-FCA7968C4F56}"
EndProject
Project("{FAE04EC0-301F-11D3-BF4B-00C04F79EFBC}") = "Exercise1", "Exercise1\Exercise1.csproj", "{0D75CBCB-6947-48CC-83F4-D18FAAA96461}"
EndProject
Project("{FAE04EC0-301F-11D3-BF4B-00C04F79EFBC}") = "Exercise2", "Exercise2\Exercise2.csproj", "{C631ED4B-4712-41C8-BA4B-FFBAA299F665}"
EndProject
Project("{FAE04EC0-301F-11D3-BF4B-00C04F79EFBC}") = "Exercise3", "Exercise3\Exercise3.csproj", "{29FA3786-C57A-45FF-B94D-AAD415919311}"
EndProject
Project("{2150E333-8FDC-42A3-9474-1A3956D46DE8}") = "Chapter03", "Chapter03", "{60018DEA-43A3-4D97-9FE3-79103006D669}"
EndProject
Project("{2150E333-8FDC-42A3-9474-1A3956D46DE8}") = "Chapter04", "Chapter04", "{1B193B75-395C-457B-91C7-299EB67DCF32}"
	ProjectSection(SolutionItems) = preProject
		\\172.16.42.1\学生共有\#infosys2021\１期目\Product.cs = \\172.16.42.1\学生共有\#infosys2021\１期目\Product.cs
	EndProjectSection
EndProject
Project("{FAE04EC0-301F-11D3-BF4B-00C04F79EFBC}") = "Section01", "Section01\Section01.csproj", "{EFE03F82-4300-4BA5-BFDF-EF1C20AC3C42}"
EndProject
Project("{2150E333-8FDC-42A3-9474-1A3956D46DE8}") = "Exercise", "Exercise", "{7DA002FC-2777-4799-BCF6-C22ADF0A4C6B}"
EndProject
Project("{FAE04EC0-301F-11D3-BF4B-00C04F79EFBC}") = "Exercise01", "Exercise01\Exercise01.csproj", "{D31E0E04-EAB9-42A1-84E4-BDC6C3B88E97}"
EndProject
Project("{FAE04EC0-301F-11D3-BF4B-00C04F79EFBC}") = "Exercise02", "Exercise02\Exercise02.csproj", "{56615701-1599-4D5E-B69F-8162418B3B43}"
EndProject
Project("{FAE04EC0-301F-11D3-BF4B-00C04F79EFBC}") = "Exercise1", "Chapter05\Exercise1\Exercise1.csproj", "{B9664F8F-46B7-462D-8597-48C44F0495C0}"
EndProject
Project("{2150E333-8FDC-42A3-9474-1A3956D46DE8}") = "Chapter05", "Chapter05", "{4E72F66D-BA7F-4C70-BA0F-A725451773F1}"
EndProject
Project("{FAE04EC0-301F-11D3-BF4B-00C04F79EFBC}") = "Exercize2", "Exercize2\Exercize2.csproj", "{C2E74E63-0216-44DA-8F87-7A860FA20463}"
EndProject
Project("{FAE04EC0-301F-11D3-BF4B-00C04F79EFBC}") = "Exercise3", "Exercise4\Exercise3.csproj", "{E9BA9A75-6981-4BFC-97B3-05E7B96633C6}"
EndProject
Project("{FAE04EC0-301F-11D3-BF4B-00C04F79EFBC}") = "Section01", "Chapter06\Section02\Section01.csproj", "{321435E8-B60F-4224-97BE-4541AA1F025F}"
EndProject
Project("{2150E333-8FDC-42A3-9474-1A3956D46DE8}") = "Chapter06", "Chapter06", "{11E53D7C-DE77-455A-8042-14D6F6398F54}"
EndProject
Project("{FAE04EC0-301F-11D3-BF4B-00C04F79EFBC}") = "Exercise", "Chapter06\Excrcise\Exercise\Exercise.csproj", "{8F16BB34-22C8-4B8F-A3F5-5C374FB876E4}"
EndProject
Project("{FAE04EC0-301F-11D3-BF4B-00C04F79EFBC}") = "Exercise2", "Chapter06\Exercise2\Exercise2.csproj", "{732A60E8-FAF7-48E6-A241-FAE8FA3CB67B}"
EndProject
Project("{FAE04EC0-301F-11D3-BF4B-00C04F79EFBC}") = "Exercise3", "Chapter06\Exercise3\Exercise3.csproj", "{5A055AB6-F74A-4476-93D0-A7C128D84534}"
EndProject
Project("{FAE04EC0-301F-11D3-BF4B-00C04F79EFBC}") = "Exercise4", "Chapter06\Exercise4\Exercise4.csproj", "{5F78F1D7-741D-4D17-9C0F-8E47EDAE99F7}"
EndProject
Project("{2150E333-8FDC-42A3-9474-1A3956D46DE8}") = "Chapter08", "Chapter08", "{53A4A0DE-6E3D-4407-B3BD-A58AC13D594E}"
EndProject
Project("{FAE04EC0-301F-11D3-BF4B-00C04F79EFBC}") = "Exercise", "WindowsFormsApp1\Exercise.csproj", "{DC42302D-25D6-4ED5-BD16-9AAA3A3FD899}"
EndProject
Project("{FAE04EC0-301F-11D3-BF4B-00C04F79EFBC}") = "CarReportSystem", "CarReportSystem\CarReportSystem.csproj", "{C82266BE-6C97-4294-89E1-F1FD0B87B6E0}"
EndProject
Project("{2150E333-8FDC-42A3-9474-1A3956D46DE8}") = "CarReportSystem", "CarReportSystem", "{5EF23F68-5ABF-466D-B673-DAAAD9C2D8ED}"
EndProject
Project("{FAE04EC0-301F-11D3-BF4B-00C04F79EFBC}") = "Section01", "Chapter11\Section01\Section01.csproj", "{38A8470F-D2A4-4154-8920-3866DF1A29DF}"
EndProject
Project("{2150E333-8FDC-42A3-9474-1A3956D46DE8}") = "Chapter11", "Chapter11", "{8BE62C0B-00BE-400E-A5EF-92E5EBBEB2DA}"
EndProject
Project("{FAE04EC0-301F-11D3-BF4B-00C04F79EFBC}") = "Exercise01", "Chapter11\Exercise01\Exercise01.csproj", "{E292B9FE-4A02-4B42-A61D-EF6B4A7BE007}"
EndProject
Project("{FAE04EC0-301F-11D3-BF4B-00C04F79EFBC}") = "Section02", "Chapter11\Section02\Section02.csproj", "{903582B1-2E4F-4E3C-AB71-45E37FE90689}"
EndProject
Project("{FAE04EC0-301F-11D3-BF4B-00C04F79EFBC}") = "Exercise02", "Chapter11\Exercise02\Exercise02.csproj", "{83F84FB9-63A1-4061-9675-E96892D6B15C}"
EndProject
Project("{2150E333-8FDC-42A3-9474-1A3956D46DE8}") = "Chapter14", "Chapter14", "{5B287902-3E96-4DDF-BBAB-7C2A1FD8BB70}"
EndProject
Project("{FAE04EC0-301F-11D3-BF4B-00C04F79EFBC}") = "Section04", "Chapter14\Section04\Section04.csproj", "{2CFC62AB-64AE-4BB4-932C-D1D5F622B65A}"
EndProject
Project("{2150E333-8FDC-42A3-9474-1A3956D46DE8}") = "WeatherApp", "WeatherApp", "{4123E7E5-EC83-44F4-BFBE-4D03AC136176}"
EndProject
Project("{FAE04EC0-301F-11D3-BF4B-00C04F79EFBC}") = "WeatherApp", "WeatherApp\WeatherApp\WeatherApp\WeatherApp.csproj", "{FC2BE73B-8599-4842-B036-C1463DC1B7B5}"
EndProject
Project("{2150E333-8FDC-42A3-9474-1A3956D46DE8}") = "RssReader", "RssReader", "{E4AD8139-960C-453C-8329-2FA9FABFBAA5}"
EndProject
Project("{FAE04EC0-301F-11D3-BF4B-00C04F79EFBC}") = "RssReader", "RssReader\RssReader\RssReader.csproj", "{0FEEF4E7-4243-4D5D-B9CA-742EB75C9291}"
EndProject
Global
	GlobalSection(SolutionConfigurationPlatforms) = preSolution
		Debug|Any CPU = Debug|Any CPU
		Release|Any CPU = Release|Any CPU
	EndGlobalSection
	GlobalSection(ProjectConfigurationPlatforms) = postSolution
		{840C13C6-190E-4E04-AF78-CB4B16E1143A}.Debug|Any CPU.ActiveCfg = Debug|Any CPU
		{840C13C6-190E-4E04-AF78-CB4B16E1143A}.Debug|Any CPU.Build.0 = Debug|Any CPU
		{840C13C6-190E-4E04-AF78-CB4B16E1143A}.Release|Any CPU.ActiveCfg = Release|Any CPU
		{840C13C6-190E-4E04-AF78-CB4B16E1143A}.Release|Any CPU.Build.0 = Release|Any CPU
		{99FD014D-8F08-40A3-8C06-8F60487F6739}.Debug|Any CPU.ActiveCfg = Debug|Any CPU
		{99FD014D-8F08-40A3-8C06-8F60487F6739}.Debug|Any CPU.Build.0 = Debug|Any CPU
		{99FD014D-8F08-40A3-8C06-8F60487F6739}.Release|Any CPU.ActiveCfg = Release|Any CPU
		{99FD014D-8F08-40A3-8C06-8F60487F6739}.Release|Any CPU.Build.0 = Release|Any CPU
		{0D75CBCB-6947-48CC-83F4-D18FAAA96461}.Debug|Any CPU.ActiveCfg = Debug|Any CPU
		{0D75CBCB-6947-48CC-83F4-D18FAAA96461}.Debug|Any CPU.Build.0 = Debug|Any CPU
		{0D75CBCB-6947-48CC-83F4-D18FAAA96461}.Release|Any CPU.ActiveCfg = Release|Any CPU
		{0D75CBCB-6947-48CC-83F4-D18FAAA96461}.Release|Any CPU.Build.0 = Release|Any CPU
		{C631ED4B-4712-41C8-BA4B-FFBAA299F665}.Debug|Any CPU.ActiveCfg = Debug|Any CPU
		{C631ED4B-4712-41C8-BA4B-FFBAA299F665}.Debug|Any CPU.Build.0 = Debug|Any CPU
		{C631ED4B-4712-41C8-BA4B-FFBAA299F665}.Release|Any CPU.ActiveCfg = Release|Any CPU
		{C631ED4B-4712-41C8-BA4B-FFBAA299F665}.Release|Any CPU.Build.0 = Release|Any CPU
		{29FA3786-C57A-45FF-B94D-AAD415919311}.Debug|Any CPU.ActiveCfg = Debug|Any CPU
		{29FA3786-C57A-45FF-B94D-AAD415919311}.Debug|Any CPU.Build.0 = Debug|Any CPU
		{29FA3786-C57A-45FF-B94D-AAD415919311}.Release|Any CPU.ActiveCfg = Release|Any CPU
		{29FA3786-C57A-45FF-B94D-AAD415919311}.Release|Any CPU.Build.0 = Release|Any CPU
		{EFE03F82-4300-4BA5-BFDF-EF1C20AC3C42}.Debug|Any CPU.ActiveCfg = Debug|Any CPU
		{EFE03F82-4300-4BA5-BFDF-EF1C20AC3C42}.Debug|Any CPU.Build.0 = Debug|Any CPU
		{EFE03F82-4300-4BA5-BFDF-EF1C20AC3C42}.Release|Any CPU.ActiveCfg = Release|Any CPU
		{EFE03F82-4300-4BA5-BFDF-EF1C20AC3C42}.Release|Any CPU.Build.0 = Release|Any CPU
		{D31E0E04-EAB9-42A1-84E4-BDC6C3B88E97}.Debug|Any CPU.ActiveCfg = Debug|Any CPU
		{D31E0E04-EAB9-42A1-84E4-BDC6C3B88E97}.Debug|Any CPU.Build.0 = Debug|Any CPU
		{D31E0E04-EAB9-42A1-84E4-BDC6C3B88E97}.Release|Any CPU.ActiveCfg = Release|Any CPU
		{D31E0E04-EAB9-42A1-84E4-BDC6C3B88E97}.Release|Any CPU.Build.0 = Release|Any CPU
		{56615701-1599-4D5E-B69F-8162418B3B43}.Debug|Any CPU.ActiveCfg = Debug|Any CPU
		{56615701-1599-4D5E-B69F-8162418B3B43}.Debug|Any CPU.Build.0 = Debug|Any CPU
		{56615701-1599-4D5E-B69F-8162418B3B43}.Release|Any CPU.ActiveCfg = Release|Any CPU
		{56615701-1599-4D5E-B69F-8162418B3B43}.Release|Any CPU.Build.0 = Release|Any CPU
		{B9664F8F-46B7-462D-8597-48C44F0495C0}.Debug|Any CPU.ActiveCfg = Debug|Any CPU
		{B9664F8F-46B7-462D-8597-48C44F0495C0}.Debug|Any CPU.Build.0 = Debug|Any CPU
		{B9664F8F-46B7-462D-8597-48C44F0495C0}.Release|Any CPU.ActiveCfg = Release|Any CPU
		{B9664F8F-46B7-462D-8597-48C44F0495C0}.Release|Any CPU.Build.0 = Release|Any CPU
		{C2E74E63-0216-44DA-8F87-7A860FA20463}.Debug|Any CPU.ActiveCfg = Debug|Any CPU
		{C2E74E63-0216-44DA-8F87-7A860FA20463}.Debug|Any CPU.Build.0 = Debug|Any CPU
		{C2E74E63-0216-44DA-8F87-7A860FA20463}.Release|Any CPU.ActiveCfg = Release|Any CPU
		{C2E74E63-0216-44DA-8F87-7A860FA20463}.Release|Any CPU.Build.0 = Release|Any CPU
		{E9BA9A75-6981-4BFC-97B3-05E7B96633C6}.Debug|Any CPU.ActiveCfg = Debug|Any CPU
		{E9BA9A75-6981-4BFC-97B3-05E7B96633C6}.Debug|Any CPU.Build.0 = Debug|Any CPU
		{E9BA9A75-6981-4BFC-97B3-05E7B96633C6}.Release|Any CPU.ActiveCfg = Release|Any CPU
		{E9BA9A75-6981-4BFC-97B3-05E7B96633C6}.Release|Any CPU.Build.0 = Release|Any CPU
		{321435E8-B60F-4224-97BE-4541AA1F025F}.Debug|Any CPU.ActiveCfg = Debug|Any CPU
		{321435E8-B60F-4224-97BE-4541AA1F025F}.Debug|Any CPU.Build.0 = Debug|Any CPU
		{321435E8-B60F-4224-97BE-4541AA1F025F}.Release|Any CPU.ActiveCfg = Release|Any CPU
		{321435E8-B60F-4224-97BE-4541AA1F025F}.Release|Any CPU.Build.0 = Release|Any CPU
		{8F16BB34-22C8-4B8F-A3F5-5C374FB876E4}.Debug|Any CPU.ActiveCfg = Debug|Any CPU
		{8F16BB34-22C8-4B8F-A3F5-5C374FB876E4}.Debug|Any CPU.Build.0 = Debug|Any CPU
		{8F16BB34-22C8-4B8F-A3F5-5C374FB876E4}.Release|Any CPU.ActiveCfg = Release|Any CPU
		{8F16BB34-22C8-4B8F-A3F5-5C374FB876E4}.Release|Any CPU.Build.0 = Release|Any CPU
		{732A60E8-FAF7-48E6-A241-FAE8FA3CB67B}.Debug|Any CPU.ActiveCfg = Debug|Any CPU
		{732A60E8-FAF7-48E6-A241-FAE8FA3CB67B}.Debug|Any CPU.Build.0 = Debug|Any CPU
		{732A60E8-FAF7-48E6-A241-FAE8FA3CB67B}.Release|Any CPU.ActiveCfg = Release|Any CPU
		{732A60E8-FAF7-48E6-A241-FAE8FA3CB67B}.Release|Any CPU.Build.0 = Release|Any CPU
		{5A055AB6-F74A-4476-93D0-A7C128D84534}.Debug|Any CPU.ActiveCfg = Debug|Any CPU
		{5A055AB6-F74A-4476-93D0-A7C128D84534}.Debug|Any CPU.Build.0 = Debug|Any CPU
		{5A055AB6-F74A-4476-93D0-A7C128D84534}.Release|Any CPU.ActiveCfg = Release|Any CPU
		{5A055AB6-F74A-4476-93D0-A7C128D84534}.Release|Any CPU.Build.0 = Release|Any CPU
		{5F78F1D7-741D-4D17-9C0F-8E47EDAE99F7}.Debug|Any CPU.ActiveCfg = Debug|Any CPU
		{5F78F1D7-741D-4D17-9C0F-8E47EDAE99F7}.Debug|Any CPU.Build.0 = Debug|Any CPU
		{5F78F1D7-741D-4D17-9C0F-8E47EDAE99F7}.Release|Any CPU.ActiveCfg = Release|Any CPU
		{5F78F1D7-741D-4D17-9C0F-8E47EDAE99F7}.Release|Any CPU.Build.0 = Release|Any CPU
		{DC42302D-25D6-4ED5-BD16-9AAA3A3FD899}.Debug|Any CPU.ActiveCfg = Debug|Any CPU
		{DC42302D-25D6-4ED5-BD16-9AAA3A3FD899}.Debug|Any CPU.Build.0 = Debug|Any CPU
		{DC42302D-25D6-4ED5-BD16-9AAA3A3FD899}.Release|Any CPU.ActiveCfg = Release|Any CPU
		{DC42302D-25D6-4ED5-BD16-9AAA3A3FD899}.Release|Any CPU.Build.0 = Release|Any CPU
		{C82266BE-6C97-4294-89E1-F1FD0B87B6E0}.Debug|Any CPU.ActiveCfg = Debug|Any CPU
		{C82266BE-6C97-4294-89E1-F1FD0B87B6E0}.Debug|Any CPU.Build.0 = Debug|Any CPU
		{C82266BE-6C97-4294-89E1-F1FD0B87B6E0}.Release|Any CPU.ActiveCfg = Release|Any CPU
		{C82266BE-6C97-4294-89E1-F1FD0B87B6E0}.Release|Any CPU.Build.0 = Release|Any CPU
		{38A8470F-D2A4-4154-8920-3866DF1A29DF}.Debug|Any CPU.ActiveCfg = Debug|Any CPU
		{38A8470F-D2A4-4154-8920-3866DF1A29DF}.Debug|Any CPU.Build.0 = Debug|Any CPU
		{38A8470F-D2A4-4154-8920-3866DF1A29DF}.Release|Any CPU.ActiveCfg = Release|Any CPU
		{38A8470F-D2A4-4154-8920-3866DF1A29DF}.Release|Any CPU.Build.0 = Release|Any CPU
		{E292B9FE-4A02-4B42-A61D-EF6B4A7BE007}.Debug|Any CPU.ActiveCfg = Debug|Any CPU
		{E292B9FE-4A02-4B42-A61D-EF6B4A7BE007}.Debug|Any CPU.Build.0 = Debug|Any CPU
		{E292B9FE-4A02-4B42-A61D-EF6B4A7BE007}.Release|Any CPU.ActiveCfg = Release|Any CPU
		{E292B9FE-4A02-4B42-A61D-EF6B4A7BE007}.Release|Any CPU.Build.0 = Release|Any CPU
		{903582B1-2E4F-4E3C-AB71-45E37FE90689}.Debug|Any CPU.ActiveCfg = Debug|Any CPU
		{903582B1-2E4F-4E3C-AB71-45E37FE90689}.Debug|Any CPU.Build.0 = Debug|Any CPU
		{903582B1-2E4F-4E3C-AB71-45E37FE90689}.Release|Any CPU.ActiveCfg = Release|Any CPU
		{903582B1-2E4F-4E3C-AB71-45E37FE90689}.Release|Any CPU.Build.0 = Release|Any CPU
		{83F84FB9-63A1-4061-9675-E96892D6B15C}.Debug|Any CPU.ActiveCfg = Debug|Any CPU
		{83F84FB9-63A1-4061-9675-E96892D6B15C}.Debug|Any CPU.Build.0 = Debug|Any CPU
		{83F84FB9-63A1-4061-9675-E96892D6B15C}.Release|Any CPU.ActiveCfg = Release|Any CPU
		{83F84FB9-63A1-4061-9675-E96892D6B15C}.Release|Any CPU.Build.0 = Release|Any CPU
		{2CFC62AB-64AE-4BB4-932C-D1D5F622B65A}.Debug|Any CPU.ActiveCfg = Debug|Any CPU
		{2CFC62AB-64AE-4BB4-932C-D1D5F622B65A}.Debug|Any CPU.Build.0 = Debug|Any CPU
		{2CFC62AB-64AE-4BB4-932C-D1D5F622B65A}.Release|Any CPU.ActiveCfg = Release|Any CPU
		{2CFC62AB-64AE-4BB4-932C-D1D5F622B65A}.Release|Any CPU.Build.0 = Release|Any CPU
		{FC2BE73B-8599-4842-B036-C1463DC1B7B5}.Debug|Any CPU.ActiveCfg = Debug|Any CPU
		{FC2BE73B-8599-4842-B036-C1463DC1B7B5}.Debug|Any CPU.Build.0 = Debug|Any CPU
		{FC2BE73B-8599-4842-B036-C1463DC1B7B5}.Release|Any CPU.ActiveCfg = Release|Any CPU
		{FC2BE73B-8599-4842-B036-C1463DC1B7B5}.Release|Any CPU.Build.0 = Release|Any CPU
		{0FEEF4E7-4243-4D5D-B9CA-742EB75C9291}.Debug|Any CPU.ActiveCfg = Debug|Any CPU
		{0FEEF4E7-4243-4D5D-B9CA-742EB75C9291}.Debug|Any CPU.Build.0 = Debug|Any CPU
		{0FEEF4E7-4243-4D5D-B9CA-742EB75C9291}.Release|Any CPU.ActiveCfg = Release|Any CPU
		{0FEEF4E7-4243-4D5D-B9CA-742EB75C9291}.Release|Any CPU.Build.0 = Release|Any CPU
	EndGlobalSection
	GlobalSection(SolutionProperties) = preSolution
		HideSolutionNode = FALSE
	EndGlobalSection
	GlobalSection(NestedProjects) = preSolution
		{840C13C6-190E-4E04-AF78-CB4B16E1143A} = {26ED57D9-3FC9-4FD3-BC8C-4448C9D96DC2}
		{99FD014D-8F08-40A3-8C06-8F60487F6739} = {26ED57D9-3FC9-4FD3-BC8C-4448C9D96DC2}
		{8D1028A3-AAF6-44B6-9943-FCA7968C4F56} = {26ED57D9-3FC9-4FD3-BC8C-4448C9D96DC2}
		{0D75CBCB-6947-48CC-83F4-D18FAAA96461} = {8D1028A3-AAF6-44B6-9943-FCA7968C4F56}
		{C631ED4B-4712-41C8-BA4B-FFBAA299F665} = {8D1028A3-AAF6-44B6-9943-FCA7968C4F56}
		{29FA3786-C57A-45FF-B94D-AAD415919311} = {8D1028A3-AAF6-44B6-9943-FCA7968C4F56}
		{EFE03F82-4300-4BA5-BFDF-EF1C20AC3C42} = {1B193B75-395C-457B-91C7-299EB67DCF32}
		{7DA002FC-2777-4799-BCF6-C22ADF0A4C6B} = {1B193B75-395C-457B-91C7-299EB67DCF32}
		{D31E0E04-EAB9-42A1-84E4-BDC6C3B88E97} = {7DA002FC-2777-4799-BCF6-C22ADF0A4C6B}
		{56615701-1599-4D5E-B69F-8162418B3B43} = {7DA002FC-2777-4799-BCF6-C22ADF0A4C6B}
		{B9664F8F-46B7-462D-8597-48C44F0495C0} = {4E72F66D-BA7F-4C70-BA0F-A725451773F1}
		{C2E74E63-0216-44DA-8F87-7A860FA20463} = {4E72F66D-BA7F-4C70-BA0F-A725451773F1}
		{E9BA9A75-6981-4BFC-97B3-05E7B96633C6} = {4E72F66D-BA7F-4C70-BA0F-A725451773F1}
		{321435E8-B60F-4224-97BE-4541AA1F025F} = {11E53D7C-DE77-455A-8042-14D6F6398F54}
		{8F16BB34-22C8-4B8F-A3F5-5C374FB876E4} = {11E53D7C-DE77-455A-8042-14D6F6398F54}
		{732A60E8-FAF7-48E6-A241-FAE8FA3CB67B} = {11E53D7C-DE77-455A-8042-14D6F6398F54}
		{5A055AB6-F74A-4476-93D0-A7C128D84534} = {11E53D7C-DE77-455A-8042-14D6F6398F54}
		{5F78F1D7-741D-4D17-9C0F-8E47EDAE99F7} = {11E53D7C-DE77-455A-8042-14D6F6398F54}
		{DC42302D-25D6-4ED5-BD16-9AAA3A3FD899} = {53A4A0DE-6E3D-4407-B3BD-A58AC13D594E}
		{C82266BE-6C97-4294-89E1-F1FD0B87B6E0} = {5EF23F68-5ABF-466D-B673-DAAAD9C2D8ED}
		{38A8470F-D2A4-4154-8920-3866DF1A29DF} = {8BE62C0B-00BE-400E-A5EF-92E5EBBEB2DA}
		{E292B9FE-4A02-4B42-A61D-EF6B4A7BE007} = {8BE62C0B-00BE-400E-A5EF-92E5EBBEB2DA}
		{903582B1-2E4F-4E3C-AB71-45E37FE90689} = {8BE62C0B-00BE-400E-A5EF-92E5EBBEB2DA}
		{83F84FB9-63A1-4061-9675-E96892D6B15C} = {8BE62C0B-00BE-400E-A5EF-92E5EBBEB2DA}
		{2CFC62AB-64AE-4BB4-932C-D1D5F622B65A} = {5B287902-3E96-4DDF-BBAB-7C2A1FD8BB70}
		{FC2BE73B-8599-4842-B036-C1463DC1B7B5} = {4123E7E5-EC83-44F4-BFBE-4D03AC136176}
		{0FEEF4E7-4243-4D5D-B9CA-742EB75C9291} = {E4AD8139-960C-453C-8329-2FA9FABFBAA5}
	EndGlobalSection
	GlobalSection(ExtensibilityGlobals) = postSolution
		SolutionGuid = {A20DEE8C-7300-48FC-A846-021FE9D758AA}
	EndGlobalSection
EndGlobal
