
Microsoft Visual Studio Solution File, Format Version 12.00
# Visual Studio Version 16
VisualStudioVersion = 16.0.31112.23
MinimumVisualStudioVersion = 10.0.40219.1
Project("{2150E333-8FDC-42A3-9474-1A3956D46DE8}") = "Chapter02", "Chapter02", "{26ED57D9-3FC9-4FD3-BC8C-4448C9D96DC2}"
EndProject
Project("{FAE04EC0-301F-11D3-BF4B-00C04F79EFBC}") = "DistanceConverter", "DistanceConverter\DistanceConverter.csproj", "{840C13C6-190E-4E04-AF78-CB4B16E1143A}"
EndProject
Project("{FAE04EC0-301F-11D3-BF4B-00C04F79EFBC}") = "SalesCalculator", "SalesCalculator\SalesCalculator.csproj", "{99FD014D-8F08-40A3-8C06-8F60487F6739}"
EndProject
Project("{2150E333-8FDC-42A3-9474-1A3956D46DE8}") = "Exercise", "Exercise", "{8D1028A3-AAF6-44B6-9943-FCA7968C4F56}"
EndProject
Project("{FAE04EC0-301F-11D3-BF4B-00C04F79EFBC}") = "Exercise1", "Exercise1\Exercise1.csproj", "{0D75CBCB-6947-48CC-83F4-D18FAAA96461}"
EndProject
Project("{FAE04EC0-301F-11D3-BF4B-00C04F79EFBC}") = "Exercise2", "Exercise2\Exercise2.csproj", "{C631ED4B-4712-41C8-BA4B-FFBAA299F665}"
EndProject
Project("{FAE04EC0-301F-11D3-BF4B-00C04F79EFBC}") = "Exercise3", "Exercise3\Exercise3.csproj", "{29FA3786-C57A-45FF-B94D-AAD415919311}"
EndProject
Project("{2150E333-8FDC-42A3-9474-1A3956D46DE8}") = "Chapter03", "Chapter03", "{60018DEA-43A3-4D97-9FE3-79103006D669}"
EndProject
Project("{2150E333-8FDC-42A3-9474-1A3956D46DE8}") = "Chapter04", "Chapter04", "{1B193B75-395C-457B-91C7-299EB67DCF32}"
	ProjectSection(SolutionItems) = preProject
		\\172.16.42.1\学生共有\#infosys2021\１期目\Product.cs = \\172.16.42.1\学生共有\#infosys2021\１期目\Product.cs
	EndProjectSection
EndProject
Project("{FAE04EC0-301F-11D3-BF4B-00C04F79EFBC}") = "Section01", "Section01\Section01.csproj", "{EFE03F82-4300-4BA5-BFDF-EF1C20AC3C42}"
EndProject
Project("{2150E333-8FDC-42A3-9474-1A3956D46DE8}") = "Exercise", "Exercise", "{7DA002FC-2777-4799-BCF6-C22ADF0A4C6B}"
EndProject
Project("{FAE04EC0-301F-11D3-BF4B-00C04F79EFBC}") = "Exercise01", "Exercise01\Exercise01.csproj", "{D31E0E04-EAB9-42A1-84E4-BDC6C3B88E97}"
EndProject
Project("{FAE04EC0-301F-11D3-BF4B-00C04F79EFBC}") = "Exercise02", "Exercise02\Exercise02.csproj", "{56615701-1599-4D5E-B69F-8162418B3B43}"
EndProject
Project("{FAE04EC0-301F-11D3-BF4B-00C04F79EFBC}") = "Exercise1", "Chapter05\Exercise1\Exercise1.csproj", "{B9664F8F-46B7-462D-8597-48C44F0495C0}"
EndProject
Project("{2150E333-8FDC-42A3-9474-1A3956D46DE8}") = "Chapter05", "Chapter05", "{4E72F66D-BA7F-4C70-BA0F-A725451773F1}"
EndProject
Project("{FAE04EC0-301F-11D3-BF4B-00C04F79EFBC}") = "Test01", "TestProject\Test01\Test01.csproj", "{2BFACDC3-F44D-4199-8498-F5C3C4AC0335}"
EndProject
Project("{FAE04EC0-301F-11D3-BF4B-00C04F79EFBC}") = "Test02", "TestProject\Test02\Test02.csproj", "{E461C0A8-8900-485C-B520-E929BA33F712}"
EndProject
Global
	GlobalSection(SolutionConfigurationPlatforms) = preSolution
		Debug|Any CPU = Debug|Any CPU
		Release|Any CPU = Release|Any CPU
	EndGlobalSection
	GlobalSection(ProjectConfigurationPlatforms) = postSolution
		{840C13C6-190E-4E04-AF78-CB4B16E1143A}.Debug|Any CPU.ActiveCfg = Debug|Any CPU
		{840C13C6-190E-4E04-AF78-CB4B16E1143A}.Debug|Any CPU.Build.0 = Debug|Any CPU
		{840C13C6-190E-4E04-AF78-CB4B16E1143A}.Release|Any CPU.ActiveCfg = Release|Any CPU
		{840C13C6-190E-4E04-AF78-CB4B16E1143A}.Release|Any CPU.Build.0 = Release|Any CPU
		{99FD014D-8F08-40A3-8C06-8F60487F6739}.Debug|Any CPU.ActiveCfg = Debug|Any CPU
		{99FD014D-8F08-40A3-8C06-8F60487F6739}.Debug|Any CPU.Build.0 = Debug|Any CPU
		{99FD014D-8F08-40A3-8C06-8F60487F6739}.Release|Any CPU.ActiveCfg = Release|Any CPU
		{99FD014D-8F08-40A3-8C06-8F60487F6739}.Release|Any CPU.Build.0 = Release|Any CPU
		{0D75CBCB-6947-48CC-83F4-D18FAAA96461}.Debug|Any CPU.ActiveCfg = Debug|Any CPU
		{0D75CBCB-6947-48CC-83F4-D18FAAA96461}.Debug|Any CPU.Build.0 = Debug|Any CPU
		{0D75CBCB-6947-48CC-83F4-D18FAAA96461}.Release|Any CPU.ActiveCfg = Release|Any CPU
		{0D75CBCB-6947-48CC-83F4-D18FAAA96461}.Release|Any CPU.Build.0 = Release|Any CPU
		{C631ED4B-4712-41C8-BA4B-FFBAA299F665}.Debug|Any CPU.ActiveCfg = Debug|Any CPU
		{C631ED4B-4712-41C8-BA4B-FFBAA299F665}.Debug|Any CPU.Build.0 = Debug|Any CPU
		{C631ED4B-4712-41C8-BA4B-FFBAA299F665}.Release|Any CPU.ActiveCfg = Release|Any CPU
		{C631ED4B-4712-41C8-BA4B-FFBAA299F665}.Release|Any CPU.Build.0 = Release|Any CPU
		{29FA3786-C57A-45FF-B94D-AAD415919311}.Debug|Any CPU.ActiveCfg = Debug|Any CPU
		{29FA3786-C57A-45FF-B94D-AAD415919311}.Debug|Any CPU.Build.0 = Debug|Any CPU
		{29FA3786-C57A-45FF-B94D-AAD415919311}.Release|Any CPU.ActiveCfg = Release|Any CPU
		{29FA3786-C57A-45FF-B94D-AAD415919311}.Release|Any CPU.Build.0 = Release|Any CPU
		{EFE03F82-4300-4BA5-BFDF-EF1C20AC3C42}.Debug|Any CPU.ActiveCfg = Debug|Any CPU
		{EFE03F82-4300-4BA5-BFDF-EF1C20AC3C42}.Debug|Any CPU.Build.0 = Debug|Any CPU
		{EFE03F82-4300-4BA5-BFDF-EF1C20AC3C42}.Release|Any CPU.ActiveCfg = Release|Any CPU
		{EFE03F82-4300-4BA5-BFDF-EF1C20AC3C42}.Release|Any CPU.Build.0 = Release|Any CPU
		{D31E0E04-EAB9-42A1-84E4-BDC6C3B88E97}.Debug|Any CPU.ActiveCfg = Debug|Any CPU
		{D31E0E04-EAB9-42A1-84E4-BDC6C3B88E97}.Debug|Any CPU.Build.0 = Debug|Any CPU
		{D31E0E04-EAB9-42A1-84E4-BDC6C3B88E97}.Release|Any CPU.ActiveCfg = Release|Any CPU
		{D31E0E04-EAB9-42A1-84E4-BDC6C3B88E97}.Release|Any CPU.Build.0 = Release|Any CPU
		{56615701-1599-4D5E-B69F-8162418B3B43}.Debug|Any CPU.ActiveCfg = Debug|Any CPU
		{56615701-1599-4D5E-B69F-8162418B3B43}.Debug|Any CPU.Build.0 = Debug|Any CPU
		{56615701-1599-4D5E-B69F-8162418B3B43}.Release|Any CPU.ActiveCfg = Release|Any CPU
		{56615701-1599-4D5E-B69F-8162418B3B43}.Release|Any CPU.Build.0 = Release|Any CPU
		{B9664F8F-46B7-462D-8597-48C44F0495C0}.Debug|Any CPU.ActiveCfg = Debug|Any CPU
		{B9664F8F-46B7-462D-8597-48C44F0495C0}.Debug|Any CPU.Build.0 = Debug|Any CPU
		{B9664F8F-46B7-462D-8597-48C44F0495C0}.Release|Any CPU.ActiveCfg = Release|Any CPU
		{B9664F8F-46B7-462D-8597-48C44F0495C0}.Release|Any CPU.Build.0 = Release|Any CPU
		{2BFACDC3-F44D-4199-8498-F5C3C4AC0335}.Debug|Any CPU.ActiveCfg = Debug|Any CPU
		{2BFACDC3-F44D-4199-8498-F5C3C4AC0335}.Debug|Any CPU.Build.0 = Debug|Any CPU
		{2BFACDC3-F44D-4199-8498-F5C3C4AC0335}.Release|Any CPU.ActiveCfg = Release|Any CPU
		{2BFACDC3-F44D-4199-8498-F5C3C4AC0335}.Release|Any CPU.Build.0 = Release|Any CPU
		{E461C0A8-8900-485C-B520-E929BA33F712}.Debug|Any CPU.ActiveCfg = Debug|Any CPU
		{E461C0A8-8900-485C-B520-E929BA33F712}.Debug|Any CPU.Build.0 = Debug|Any CPU
		{E461C0A8-8900-485C-B520-E929BA33F712}.Release|Any CPU.ActiveCfg = Release|Any CPU
		{E461C0A8-8900-485C-B520-E929BA33F712}.Release|Any CPU.Build.0 = Release|Any CPU
	EndGlobalSection
	GlobalSection(SolutionProperties) = preSolution
		HideSolutionNode = FALSE
	EndGlobalSection
	GlobalSection(NestedProjects) = preSolution
		{840C13C6-190E-4E04-AF78-CB4B16E1143A} = {26ED57D9-3FC9-4FD3-BC8C-4448C9D96DC2}
		{99FD014D-8F08-40A3-8C06-8F60487F6739} = {26ED57D9-3FC9-4FD3-BC8C-4448C9D96DC2}
		{8D1028A3-AAF6-44B6-9943-FCA7968C4F56} = {26ED57D9-3FC9-4FD3-BC8C-4448C9D96DC2}
		{0D75CBCB-6947-48CC-83F4-D18FAAA96461} = {8D1028A3-AAF6-44B6-9943-FCA7968C4F56}
		{C631ED4B-4712-41C8-BA4B-FFBAA299F665} = {8D1028A3-AAF6-44B6-9943-FCA7968C4F56}
		{29FA3786-C57A-45FF-B94D-AAD415919311} = {8D1028A3-AAF6-44B6-9943-FCA7968C4F56}
		{EFE03F82-4300-4BA5-BFDF-EF1C20AC3C42} = {1B193B75-395C-457B-91C7-299EB67DCF32}
		{7DA002FC-2777-4799-BCF6-C22ADF0A4C6B} = {1B193B75-395C-457B-91C7-299EB67DCF32}
		{D31E0E04-EAB9-42A1-84E4-BDC6C3B88E97} = {7DA002FC-2777-4799-BCF6-C22ADF0A4C6B}
		{56615701-1599-4D5E-B69F-8162418B3B43} = {7DA002FC-2777-4799-BCF6-C22ADF0A4C6B}
		{B9664F8F-46B7-462D-8597-48C44F0495C0} = {4E72F66D-BA7F-4C70-BA0F-A725451773F1}
	EndGlobalSection
	GlobalSection(ExtensibilityGlobals) = postSolution
		SolutionGuid = {A20DEE8C-7300-48FC-A846-021FE9D758AA}
	EndGlobalSection
EndGlobal
